		C340D20DED384C259A635795 /* ShellScript */ = {
			isa = PBXShellScriptBuildPhase;
			alwaysOutOfDate = 1;
			buildActionMask = 2147483647;
			files = (
			);
			inputPaths = (
				"$(SRCROOT)/Frameworks/libskal.dylib",
			);
			outputPaths = (
				"$(BUILT_PRODUCTS_DIR)/$(PRODUCT_NAME).app/Contents/Frameworks/libskal.dylib",
			);
			runOnlyForDeploymentPostprocessing = 0;
			shellPath = /bin/sh;
			shellScript = "set -e\nDEST=\"$BUILT_PRODUCTS_DIR/$PRODUCT_NAME.app/Contents/Frameworks\"\nmkdir -p \"$DEST\"\ncp \"$SRCROOT/Frameworks/libskal.dylib\" \"$DEST/libskal.dylib\"\ncodesign --force --sign \"${EXPANDED_CODE_SIGN_IDENTITY:--}\" \"$DEST/libskal.dylib\"\n";
			showEnvVarsInLog = 0;
		};
